
Microsoft Visual Studio Solution File, Format Version 12.00
# Visual Studio Version 17
VisualStudioVersion = 17.5.33502.453
MinimumVisualStudioVersion = 10.0.40219.1
Project("{9092AA53-FB77-4645-B42D-1CCCA6BD08BD}") = "Rewrite", "Rewrite\Rewrite.njsproj", "{4600EDD7-2E15-49B3-BB3F-5DB14E6DE0C1}"
EndProject
Project("{9092AA53-FB77-4645-B42D-1CCCA6BD08BD}") = "Final_Test", "Final_Test\Final_Test.njsproj", "{C7473E57-391D-4F33-9523-ACAC651B95CA}"
EndProject
Global
	GlobalSection(SolutionConfigurationPlatforms) = preSolution
		Debug|Any CPU = Debug|Any CPU
		Release|Any CPU = Release|Any CPU
	EndGlobalSection
	GlobalSection(ProjectConfigurationPlatforms) = postSolution
		{4600EDD7-2E15-49B3-BB3F-5DB14E6DE0C1}.Debug|Any CPU.ActiveCfg = Debug|Any CPU
		{4600EDD7-2E15-49B3-BB3F-5DB14E6DE0C1}.Debug|Any CPU.Build.0 = Debug|Any CPU
		{4600EDD7-2E15-49B3-BB3F-5DB14E6DE0C1}.Release|Any CPU.ActiveCfg = Release|Any CPU
		{4600EDD7-2E15-49B3-BB3F-5DB14E6DE0C1}.Release|Any CPU.Build.0 = Release|Any CPU
		{C7473E57-391D-4F33-9523-ACAC651B95CA}.Debug|Any CPU.ActiveCfg = Debug|Any CPU
		{C7473E57-391D-4F33-9523-ACAC651B95CA}.Debug|Any CPU.Build.0 = Debug|Any CPU
		{C7473E57-391D-4F33-9523-ACAC651B95CA}.Release|Any CPU.ActiveCfg = Release|Any CPU
		{C7473E57-391D-4F33-9523-ACAC651B95CA}.Release|Any CPU.Build.0 = Release|Any CPU
	EndGlobalSection
	GlobalSection(SolutionProperties) = preSolution
		HideSolutionNode = FALSE
	EndGlobalSection
	GlobalSection(ExtensibilityGlobals) = postSolution
		SolutionGuid = {2F760D9B-7147-4BC7-AA55-B005C5C85143}
	EndGlobalSection
EndGlobal
